{
  "pins" : [
    {
      "identity" : "iosintpackage",
      "kind" : "remoteSourceControl",
      "location" : "https://github.com/TrueMax/iOSIntPackage",
      "state" : {
        "branch" : "imagepublisher",
        "revision" : "e1cc0e1b76d7cb8f770d903d85ae9ed91ae026bd"
      }
    },
    {
      "identity" : "keychain-swift",
      "kind" : "remoteSourceControl",
      "location" : "https://github.com/evgenyneu/keychain-swift.git",
      "state" : {
        "branch" : "master",
        "revision" : "e43f9b99b172ae6a7253047f8ba95c7a0b05b99f"
      }
    },
    {
      "identity" : "realm-core",
      "kind" : "remoteSourceControl",
      "location" : "https://github.com/realm/realm-core.git",
      "state" : {
        "revision" : "b77443ca7fa25407869ca537bf3ae912b1427bff",
        "version" : "12.13.0"
      }
    },
    {
      "identity" : "realm-swift",
      "kind" : "remoteSourceControl",
      "location" : "https://github.com/realm/realm-swift.git",
      "state" : {
        "branch" : "master",
        "revision" : "b002cf50fbc21b6f52f3b4e74b15edc4007d5cbc"
      }
    }
  ],
  "version" : 2
}
